
Microsoft Visual Studio Solution File, Format Version 12.00
# Visual Studio 15
VisualStudioVersion = 15.0.28307.168
MinimumVisualStudioVersion = 10.0.40219.1
Project("{8BC9CEB8-8B4A-11D0-8D11-00A0C91BC942}") = "Algorithm", "Algorithm\Algorithm.vcxproj", "{C7B86CF6-6EAA-4CA6-AA3B-70C40FD8CC08}"
EndProject
Global
	GlobalSection(SolutionConfigurationPlatforms) = preSolution
		Debug|x64 = Debug|x64
		Debug|x86 = Debug|x86
		Release|x64 = Release|x64
		Release|x86 = Release|x86
	EndGlobalSection
	GlobalSection(ProjectConfigurationPlatforms) = postSolution
		{C7B86CF6-6EAA-4CA6-AA3B-70C40FD8CC08}.Debug|x64.ActiveCfg = Debug|x64
		{C7B86CF6-6EAA-4CA6-AA3B-70C40FD8CC08}.Debug|x64.Build.0 = Debug|x64
		{C7B86CF6-6EAA-4CA6-AA3B-70C40FD8CC08}.Debug|x86.ActiveCfg = Debug|Win32
		{C7B86CF6-6EAA-4CA6-AA3B-70C40FD8CC08}.Debug|x86.Build.0 = Debug|Win32
		{C7B86CF6-6EAA-4CA6-AA3B-70C40FD8CC08}.Release|x64.ActiveCfg = Release|x64
		{C7B86CF6-6EAA-4CA6-AA3B-70C40FD8CC08}.Release|x64.Build.0 = Release|x64
		{C7B86CF6-6EAA-4CA6-AA3B-70C40FD8CC08}.Release|x86.ActiveCfg = Release|Win32
		{C7B86CF6-6EAA-4CA6-AA3B-70C40FD8CC08}.Release|x86.Build.0 = Release|Win32
	EndGlobalSection
	GlobalSection(SolutionProperties) = preSolution
		HideSolutionNode = FALSE
	EndGlobalSection
	GlobalSection(ExtensibilityGlobals) = postSolution
		SolutionGuid = {31F3B5A9-74CB-42E2-BD66-82CDB34B6DAF}
	EndGlobalSection
EndGlobal
